
Microsoft Visual Studio Solution File, Format Version 12.00
# Visual Studio 2012
Project("{FAE04EC0-301F-11D3-BF4B-00C04F79EFBC}") = "FIEK-UDP-Klienti", "FIEK-UDP-Klienti\FIEK-UDP-Klienti.csproj", "{BA78D85A-95CF-41F8-80F2-199A4C7B9830}"
EndProject
Global
	GlobalSection(SolutionConfigurationPlatforms) = preSolution
		Debug|Any CPU = Debug|Any CPU
		Release|Any CPU = Release|Any CPU
	EndGlobalSection
	GlobalSection(ProjectConfigurationPlatforms) = postSolution
		{BA78D85A-95CF-41F8-80F2-199A4C7B9830}.Debug|Any CPU.ActiveCfg = Debug|Any CPU
		{BA78D85A-95CF-41F8-80F2-199A4C7B9830}.Debug|Any CPU.Build.0 = Debug|Any CPU
		{BA78D85A-95CF-41F8-80F2-199A4C7B9830}.Release|Any CPU.ActiveCfg = Release|Any CPU
		{BA78D85A-95CF-41F8-80F2-199A4C7B9830}.Release|Any CPU.Build.0 = Release|Any CPU
	EndGlobalSection
	GlobalSection(SolutionProperties) = preSolution
		HideSolutionNode = FALSE
	EndGlobalSection
EndGlobal
