
Microsoft Visual Studio Solution File, Format Version 12.00
# Visual Studio 2012
Project("{FAE04EC0-301F-11D3-BF4B-00C04F79EFBC}") = "FIEK-UDP-Serveri", "FIEK-UDP-Serveri\FIEK-UDP-Serveri.csproj", "{5B43851C-7AEA-4099-906C-5532DBCFD74B}"
EndProject
Global
	GlobalSection(SolutionConfigurationPlatforms) = preSolution
		Debug|Any CPU = Debug|Any CPU
		Release|Any CPU = Release|Any CPU
	EndGlobalSection
	GlobalSection(ProjectConfigurationPlatforms) = postSolution
		{5B43851C-7AEA-4099-906C-5532DBCFD74B}.Debug|Any CPU.ActiveCfg = Debug|Any CPU
		{5B43851C-7AEA-4099-906C-5532DBCFD74B}.Debug|Any CPU.Build.0 = Debug|Any CPU
		{5B43851C-7AEA-4099-906C-5532DBCFD74B}.Release|Any CPU.ActiveCfg = Release|Any CPU
		{5B43851C-7AEA-4099-906C-5532DBCFD74B}.Release|Any CPU.Build.0 = Release|Any CPU
	EndGlobalSection
	GlobalSection(SolutionProperties) = preSolution
		HideSolutionNode = FALSE
	EndGlobalSection
EndGlobal
